
Microsoft Visual Studio Solution File, Format Version 12.00
# Visual Studio Version 17
VisualStudioVersion = 17.14.36212.18 d17.14
MinimumVisualStudioVersion = 10.0.40219.1
Project("{FAE04EC0-301F-11D3-BF4B-00C04F79EFBC}") = "ElevatorSimulation", "ElevatorSimulation\ElevatorSimulation.csproj", "{A0079D6A-E471-4877-8372-0FAD7A2E01F8}"
EndProject
Project("{FAE04EC0-301F-11D3-BF4B-00C04F79EFBC}") = "ElevatorSimulation.Domain", "ElevatorSimulation.Domain\ElevatorSimulation.Domain.csproj", "{3C562E35-7DD6-421F-8444-A00368BC75E1}"
EndProject
Project("{FAE04EC0-301F-11D3-BF4B-00C04F79EFBC}") = "ElevatorSimulation.Application", "ElevatorSimulation.Application\ElevatorSimulation.Application.csproj", "{FED14A74-C6E0-49C4-BC17-1A4415015989}"
EndProject
Project("{FAE04EC0-301F-11D3-BF4B-00C04F79EFBC}") = "ElevatorSimulation.Tests", "ElevatorSimulation.Tests\ElevatorSimulation.Tests.csproj", "{8189DAA2-74D8-452B-A655-0D6819BFF52B}"
EndProject
Global
	GlobalSection(SolutionConfigurationPlatforms) = preSolution
		Debug|Any CPU = Debug|Any CPU
		Release|Any CPU = Release|Any CPU
	EndGlobalSection
	GlobalSection(ProjectConfigurationPlatforms) = postSolution
		{A0079D6A-E471-4877-8372-0FAD7A2E01F8}.Debug|Any CPU.ActiveCfg = Debug|Any CPU
		{A0079D6A-E471-4877-8372-0FAD7A2E01F8}.Debug|Any CPU.Build.0 = Debug|Any CPU
		{A0079D6A-E471-4877-8372-0FAD7A2E01F8}.Release|Any CPU.ActiveCfg = Release|Any CPU
		{A0079D6A-E471-4877-8372-0FAD7A2E01F8}.Release|Any CPU.Build.0 = Release|Any CPU
		{3C562E35-7DD6-421F-8444-A00368BC75E1}.Debug|Any CPU.ActiveCfg = Debug|Any CPU
		{3C562E35-7DD6-421F-8444-A00368BC75E1}.Debug|Any CPU.Build.0 = Debug|Any CPU
		{3C562E35-7DD6-421F-8444-A00368BC75E1}.Release|Any CPU.ActiveCfg = Release|Any CPU
		{3C562E35-7DD6-421F-8444-A00368BC75E1}.Release|Any CPU.Build.0 = Release|Any CPU
		{FED14A74-C6E0-49C4-BC17-1A4415015989}.Debug|Any CPU.ActiveCfg = Debug|Any CPU
		{FED14A74-C6E0-49C4-BC17-1A4415015989}.Debug|Any CPU.Build.0 = Debug|Any CPU
		{FED14A74-C6E0-49C4-BC17-1A4415015989}.Release|Any CPU.ActiveCfg = Release|Any CPU
		{FED14A74-C6E0-49C4-BC17-1A4415015989}.Release|Any CPU.Build.0 = Release|Any CPU
		{8189DAA2-74D8-452B-A655-0D6819BFF52B}.Debug|Any CPU.ActiveCfg = Debug|Any CPU
		{8189DAA2-74D8-452B-A655-0D6819BFF52B}.Debug|Any CPU.Build.0 = Debug|Any CPU
		{8189DAA2-74D8-452B-A655-0D6819BFF52B}.Release|Any CPU.ActiveCfg = Release|Any CPU
		{8189DAA2-74D8-452B-A655-0D6819BFF52B}.Release|Any CPU.Build.0 = Release|Any CPU
	EndGlobalSection
	GlobalSection(SolutionProperties) = preSolution
		HideSolutionNode = FALSE
	EndGlobalSection
	GlobalSection(ExtensibilityGlobals) = postSolution
		SolutionGuid = {F9BEDF42-9F02-4230-B4A8-924D8E615CEE}
	EndGlobalSection
EndGlobal
